
Microsoft Visual Studio Solution File, Format Version 12.00
# Visual Studio Version 17
VisualStudioVersion = 17.3.32819.101
MinimumVisualStudioVersion = 10.0.40219.1
Project("{FAE04EC0-301F-11D3-BF4B-00C04F79EFBC}") = "MusicBot", "MusicBot.csproj", "{0310DB9C-6411-4166-BB1B-C2D7543AF3C1}"
EndProject
Global
	GlobalSection(SolutionConfigurationPlatforms) = preSolution
		Debug|Any CPU = Debug|Any CPU
		Release|Any CPU = Release|Any CPU
	EndGlobalSection
	GlobalSection(ProjectConfigurationPlatforms) = postSolution
		{0310DB9C-6411-4166-BB1B-C2D7543AF3C1}.Debug|Any CPU.ActiveCfg = Debug|Any CPU
		{0310DB9C-6411-4166-BB1B-C2D7543AF3C1}.Debug|Any CPU.Build.0 = Debug|Any CPU
		{0310DB9C-6411-4166-BB1B-C2D7543AF3C1}.Release|Any CPU.ActiveCfg = Release|Any CPU
		{0310DB9C-6411-4166-BB1B-C2D7543AF3C1}.Release|Any CPU.Build.0 = Release|Any CPU
	EndGlobalSection
	GlobalSection(SolutionProperties) = preSolution
		HideSolutionNode = FALSE
	EndGlobalSection
	GlobalSection(ExtensibilityGlobals) = postSolution
		SolutionGuid = {F3EA4E57-CF23-44A2-9BF7-390DB2F424C1}
	EndGlobalSection
EndGlobal
